PODS:
  - MD5Digest (0.1.0)
  - SDWebImage (3.7.2):
    - SDWebImage/Core (= 3.7.2)
  - SDWebImage/Core (3.7.2)
  - YSImageFilter (0.1.7)
  - YSUIKitAdditions (0.0.20)

DEPENDENCIES:
  - MD5Digest
  - SDWebImage
  - YSImageFilter
  - YSUIKitAdditions

SPEC CHECKSUMS:
  MD5Digest: 99bcccfc389c5b7a0edaf66beb80fbc7596a3b65
  SDWebImage: 71b7cdc1d1721d6a82ed62889030225f2c249e29
  YSImageFilter: c5aaf64c9cd71c308e138476840145bcece3ff75
  YSUIKitAdditions: 9bf493546d882acc409123a9532aba4233f73290

COCOAPODS: 0.35.0
